// !$*UTF8*$!
{
	archiveVersion = 1;
	classes = {
	};
	objectVersion = 77;
	objects = {

/* Begin PBXBuildFile section */
		A91E23742F11E79000D8C167 /* SearchViewModel.swift in Sources */ = {isa = PBXBuildFile; fileRef = A91E23732F11E79000D8C167 /* SearchViewModel.swift */; };
		A9291ED92F18EB48004E0307 /* TaskCancelation.swift in Sources */ = {isa = PBXBuildFile; fileRef = A9291ED82F18EB48004E0307 /* TaskCancelation.swift */; };
		A93270612F0F2C26001E3F1F /* InlineArrayExample.swift in Sources */ = {isa = PBXBuildFile; fileRef = A93270602F0F2C26001E3F1F /* InlineArrayExample.swift */; };
		A93D8C432F2863D10078DF29 /* asynclet.swift in Sources */ = {isa = PBXBuildFile; fileRef = A93D8C422F2863D10078DF29 /* asynclet.swift */; };
		A93FD8B72F1C4F31005BEC05 /* Span.swift in Sources */ = {isa = PBXBuildFile; fileRef = A93FD8B62F1C4F31005BEC05 /* Span.swift */; };
		A959479F2F23080200166A97 /* TypeErasure.swift in Sources */ = {isa = PBXBuildFile; fileRef = A959479E2F23080200166A97 /* TypeErasure.swift */; };
		A96143C12F20BE5900EA934A /* mainActor.swift in Sources */ = {isa = PBXBuildFile; fileRef = A96143C02F20BE5900EA934A /* mainActor.swift */; };
		A96629842F1705E000A8DBB2 /* switchin threads.swift in Sources */ = {isa = PBXBuildFile; fileRef = A96629832F1705E000A8DBB2 /* switchin threads.swift */; };
		A99D8F272F1EF40600C03DDB /* DataRacesHandling.swift in Sources */ = {isa = PBXBuildFile; fileRef = A99D8F262F1EF40600C03DDB /* DataRacesHandling.swift */; };
		A9D05C952F218F5700124AFD /* lazy.swift in Sources */ = {isa = PBXBuildFile; fileRef = A9D05C942F218F5700124AFD /* lazy.swift */; };
		A9E2098E2F1316DF00EFA04E /* AsyncSequence.swift in Sources */ = {isa = PBXBuildFile; fileRef = A9E2098D2F1316DF00EFA04E /* AsyncSequence.swift */; };
		A9F75EE32F26FEC900265C18 /* DynamicCellSize.swift in Sources */ = {isa = PBXBuildFile; fileRef = A9F75EE22F26FEC900265C18 /* DynamicCellSize.swift */; };
		A9F82C902F10821F002F8FE6 /* Continue.swift in Sources */ = {isa = PBXBuildFile; fileRef = A9F82C8F2F10821F002F8FE6 /* Continue.swift */; };
		A9FFF0DB2F1B084200A5EEF1 /* Copying.swift in Sources */ = {isa = PBXBuildFile; fileRef = A9FFF0DA2F1B084200A5EEF1 /* Copying.swift */; };
/* End PBXBuildFile section */

/* Begin PBXFileReference section */
		A91E23732F11E79000D8C167 /* SearchViewModel.swift */ = {isa = PBXFileReference; lastKnownFileType = sourcecode.swift; path = SearchViewModel.swift; sourceTree = "<group>"; };
		A9291ED82F18EB48004E0307 /* TaskCancelation.swift */ = {isa = PBXFileReference; lastKnownFileType = sourcecode.swift; path = TaskCancelation.swift; sourceTree = "<group>"; };
		A93270522F0F2C18001E3F1F /* LinkedInPosts.app */ = {isa = PBXFileReference; explicitFileType = wrapper.application; includeInIndex = 0; path = LinkedInPosts.app; sourceTree = BUILT_PRODUCTS_DIR; };
		A93270602F0F2C26001E3F1F /* InlineArrayExample.swift */ = {isa = PBXFileReference; lastKnownFileType = sourcecode.swift; path = InlineArrayExample.swift; sourceTree = "<group>"; };
		A93D8C422F2863D10078DF29 /* asynclet.swift */ = {isa = PBXFileReference; lastKnownFileType = sourcecode.swift; path = asynclet.swift; sourceTree = "<group>"; };
		A93FD8B62F1C4F31005BEC05 /* Span.swift */ = {isa = PBXFileReference; lastKnownFileType = sourcecode.swift; path = Span.swift; sourceTree = "<group>"; };
		A959479E2F23080200166A97 /* TypeErasure.swift */ = {isa = PBXFileReference; lastKnownFileType = sourcecode.swift; path = TypeErasure.swift; sourceTree = "<group>"; };
		A96143C02F20BE5900EA934A /* mainActor.swift */ = {isa = PBXFileReference; lastKnownFileType = sourcecode.swift; path = mainActor.swift; sourceTree = "<group>"; };
		A96629832F1705E000A8DBB2 /* switchin threads.swift */ = {isa = PBXFileReference; lastKnownFileType = sourcecode.swift; path = "switchin threads.swift"; sourceTree = "<group>"; };
		A99D8F262F1EF40600C03DDB /* DataRacesHandling.swift */ = {isa = PBXFileReference; lastKnownFileType = sourcecode.swift; path = DataRacesHandling.swift; sourceTree = "<group>"; };
		A9D05C942F218F5700124AFD /* lazy.swift */ = {isa = PBXFileReference; lastKnownFileType = sourcecode.swift; path = lazy.swift; sourceTree = "<group>"; };
		A9E2098D2F1316DF00EFA04E /* AsyncSequence.swift */ = {isa = PBXFileReference; lastKnownFileType = sourcecode.swift; path = AsyncSequence.swift; sourceTree = "<group>"; };
		A9F75EE22F26FEC900265C18 /* DynamicCellSize.swift */ = {isa = PBXFileReference; lastKnownFileType = sourcecode.swift; path = DynamicCellSize.swift; sourceTree = "<group>"; };
		A9F82C8F2F10821F002F8FE6 /* Continue.swift */ = {isa = PBXFileReference; lastKnownFileType = sourcecode.swift; path = Continue.swift; sourceTree = "<group>"; };
		A9FFF0DA2F1B084200A5EEF1 /* Copying.swift */ = {isa = PBXFileReference; lastKnownFileType = sourcecode.swift; path = Copying.swift; sourceTree = "<group>"; };
/* End PBXFileReference section */

/* Begin PBXFileSystemSynchronizedRootGroup section */
		A93270542F0F2C18001E3F1F /* LinkedInPosts */ = {
			isa = PBXFileSystemSynchronizedRootGroup;
			path = LinkedInPosts;
			sourceTree = "<group>";
		};
/* End PBXFileSystemSynchronizedRootGroup section */

/* Begin PBXFrameworksBuildPhase section */
		A932704F2F0F2C18001E3F1F /* Frameworks */ = {
			isa = PBXFrameworksBuildPhase;
			buildActionMask = 2147483647;
			files = (
			);
			runOnlyForDeploymentPostprocessing = 0;
		};
/* End PBXFrameworksBuildPhase section */

/* Begin PBXGroup section */
		A93270492F0F2C18001E3F1F = {
			isa = PBXGroup;
			children = (
				A982DE702F10A96D00F58B6E /* tips_and_tricks */,
				A982DE6F2F10A95400F58B6E /* concurrency */,
				A982DE6E2F10A94900F58B6E /* combine */,
				A982DE6D2F10A94100F58B6E /* uikit */,
				A982DE6C2F10A92F00F58B6E /* swiftUI */,
				A982DE6B2F10A92300F58B6E /* swift */,
				A93270542F0F2C18001E3F1F /* LinkedInPosts */,
				A93270532F0F2C18001E3F1F /* Products */,
			);
			sourceTree = "<group>";
		};
		A93270532F0F2C18001E3F1F /* Products */ = {
			isa = PBXGroup;
			children = (
				A93270522F0F2C18001E3F1F /* LinkedInPosts.app */,
			);
			name = Products;
			sourceTree = "<group>";
		};
		A982DE6B2F10A92300F58B6E /* swift */ = {
			isa = PBXGroup;
			children = (
				A9F82C8F2F10821F002F8FE6 /* Continue.swift */,
				A93270602F0F2C26001E3F1F /* InlineArrayExample.swift */,
				A9FFF0DA2F1B084200A5EEF1 /* Copying.swift */,
				A93FD8B62F1C4F31005BEC05 /* Span.swift */,
				A9D05C942F218F5700124AFD /* lazy.swift */,
				A959479E2F23080200166A97 /* TypeErasure.swift */,
			);
			path = swift;
			sourceTree = "<group>";
		};
		A982DE6C2F10A92F00F58B6E /* swiftUI */ = {
			isa = PBXGroup;
			children = (
				A9F75EE22F26FEC900265C18 /* DynamicCellSize.swift */,
			);
			path = swiftUI;
			sourceTree = "<group>";
		};
		A982DE6D2F10A94100F58B6E /* uikit */ = {
			isa = PBXGroup;
			children = (
			);
			path = uikit;
			sourceTree = "<group>";
		};
		A982DE6E2F10A94900F58B6E /* combine */ = {
			isa = PBXGroup;
			children = (
			);
			path = combine;
			sourceTree = "<group>";
		};
		A982DE6F2F10A95400F58B6E /* concurrency */ = {
			isa = PBXGroup;
			children = (
				A91E23732F11E79000D8C167 /* SearchViewModel.swift */,
				A9E2098D2F1316DF00EFA04E /* AsyncSequence.swift */,
				A96629832F1705E000A8DBB2 /* switchin threads.swift */,
				A9291ED82F18EB48004E0307 /* TaskCancelation.swift */,
				A99D8F262F1EF40600C03DDB /* DataRacesHandling.swift */,
				A96143C02F20BE5900EA934A /* mainActor.swift */,
				A93D8C422F2863D10078DF29 /* asynclet.swift */,
			);
			path = concurrency;
			sourceTree = "<group>";
		};
		A982DE702F10A96D00F58B6E /* tips_and_tricks */ = {
			isa = PBXGroup;
			children = (
			);
			path = tips_and_tricks;
			sourceTree = "<group>";
		};
/* End PBXGroup section */

/* Begin PBXNativeTarget section */
		A93270512F0F2C18001E3F1F /* LinkedInPosts */ = {
			isa = PBXNativeTarget;
			buildConfigurationList = A932705D2F0F2C18001E3F1F /* Build configuration list for PBXNativeTarget "LinkedInPosts" */;
			buildPhases = (
				A932704E2F0F2C18001E3F1F /* Sources */,
				A932704F2F0F2C18001E3F1F /* Frameworks */,
				A93270502F0F2C18001E3F1F /* Resources */,
			);
			buildRules = (
			);
			dependencies = (
			);
			fileSystemSynchronizedGroups = (
				A93270542F0F2C18001E3F1F /* LinkedInPosts */,
			);
			name = LinkedInPosts;
			packageProductDependencies = (
			);
			productName = LinkedInPosts;
			productReference = A93270522F0F2C18001E3F1F /* LinkedInPosts.app */;
			productType = "com.apple.product-type.application";
		};
/* End PBXNativeTarget section */

/* Begin PBXProject section */
		A932704A2F0F2C18001E3F1F /* Project object */ = {
			isa = PBXProject;
			attributes = {
				BuildIndependentTargetsInParallel = 1;
				LastSwiftUpdateCheck = 2600;
				LastUpgradeCheck = 2600;
				TargetAttributes = {
					A93270512F0F2C18001E3F1F = {
						CreatedOnToolsVersion = 26.0.1;
					};
				};
			};
			buildConfigurationList = A932704D2F0F2C18001E3F1F /* Build configuration list for PBXProject "LinkedInPosts" */;
			developmentRegion = en;
			hasScannedForEncodings = 0;
			knownRegions = (
				en,
				Base,
			);
			mainGroup = A93270492F0F2C18001E3F1F;
			minimizedProjectReferenceProxies = 1;
			preferredProjectObjectVersion = 77;
			productRefGroup = A93270532F0F2C18001E3F1F /* Products */;
			projectDirPath = "";
			projectRoot = "";
			targets = (
				A93270512F0F2C18001E3F1F /* LinkedInPosts */,
			);
		};
/* End PBXProject section */

/* Begin PBXResourcesBuildPhase section */
		A93270502F0F2C18001E3F1F /* Resources */ = {
			isa = PBXResourcesBuildPhase;
			buildActionMask = 2147483647;
			files = (
			);
			runOnlyForDeploymentPostprocessing = 0;
		};
/* End PBXResourcesBuildPhase section */

/* Begin PBXSourcesBuildPhase section */
		A932704E2F0F2C18001E3F1F /* Sources */ = {
			isa = PBXSourcesBuildPhase;
			buildActionMask = 2147483647;
			files = (
				A96143C12F20BE5900EA934A /* mainActor.swift in Sources */,
				A9FFF0DB2F1B084200A5EEF1 /* Copying.swift in Sources */,
				A93270612F0F2C26001E3F1F /* InlineArrayExample.swift in Sources */,
				A9D05C952F218F5700124AFD /* lazy.swift in Sources */,
				A91E23742F11E79000D8C167 /* SearchViewModel.swift in Sources */,
				A99D8F272F1EF40600C03DDB /* DataRacesHandling.swift in Sources */,
				A93FD8B72F1C4F31005BEC05 /* Span.swift in Sources */,
				A96629842F1705E000A8DBB2 /* switchin threads.swift in Sources */,
				A9F82C902F10821F002F8FE6 /* Continue.swift in Sources */,
				A9291ED92F18EB48004E0307 /* TaskCancelation.swift in Sources */,
				A93D8C432F2863D10078DF29 /* asynclet.swift in Sources */,
				A9F75EE32F26FEC900265C18 /* DynamicCellSize.swift in Sources */,
				A9E2098E2F1316DF00EFA04E /* AsyncSequence.swift in Sources */,
				A959479F2F23080200166A97 /* TypeErasure.swift in Sources */,
			);
			runOnlyForDeploymentPostprocessing = 0;
		};
/* End PBXSourcesBuildPhase section */

/* Begin XCBuildConfiguration section */
		A932705B2F0F2C18001E3F1F /* Debug */ = {
			isa = XCBuildConfiguration;
			buildSettings = {
				ALWAYS_SEARCH_USER_PATHS = NO;
				ASSETCATALOG_COMPILER_GENERATE_SWIFT_ASSET_SYMBOL_EXTENSIONS = YES;
				CLANG_ANALYZER_NONNULL = YES;
				CLANG_ANALYZER_NUMBER_OBJECT_CONVERSION = YES_AGGRESSIVE;
				CLANG_CXX_LANGUAGE_STANDARD = "gnu++20";
				CLANG_ENABLE_MODULES = YES;
				CLANG_ENABLE_OBJC_ARC = YES;
				CLANG_ENABLE_OBJC_WEAK = YES;
				CLANG_WARN_BLOCK_CAPTURE_AUTORELEASING = YES;
				CLANG_WARN_BOOL_CONVERSION = YES;
				CLANG_WARN_COMMA = YES;
				CLANG_WARN_CONSTANT_CONVERSION = YES;
				CLANG_WARN_DEPRECATED_OBJC_IMPLEMENTATIONS = YES;
				CLANG_WARN_DIRECT_OBJC_ISA_USAGE = YES_ERROR;
				CLANG_WARN_DOCUMENTATION_COMMENTS = YES;
				CLANG_WARN_EMPTY_BODY = YES;
				CLANG_WARN_ENUM_CONVERSION = YES;
				CLANG_WARN_INFINITE_RECURSION = YES;
				CLANG_WARN_INT_CONVERSION = YES;
				CLANG_WARN_NON_LITERAL_NULL_CONVERSION = YES;
				CLANG_WARN_OBJC_IMPLICIT_RETAIN_SELF = YES;
				CLANG_WARN_OBJC_LITERAL_CONVERSION = YES;
				CLANG_WARN_OBJC_ROOT_CLASS = YES_ERROR;
				CLANG_WARN_QUOTED_INCLUDE_IN_FRAMEWORK_HEADER = YES;
				CLANG_WARN_RANGE_LOOP_ANALYSIS = YES;
				CLANG_WARN_STRICT_PROTOTYPES = YES;
				CLANG_WARN_SUSPICIOUS_MOVE = YES;
				CLANG_WARN_UNGUARDED_AVAILABILITY = YES_AGGRESSIVE;
				CLANG_WARN_UNREACHABLE_CODE = YES;
				CLANG_WARN__DUPLICATE_METHOD_MATCH = YES;
				COPY_PHASE_STRIP = NO;
				DEBUG_INFORMATION_FORMAT = dwarf;
				DEVELOPMENT_TEAM = 2UBDP9T662;
				ENABLE_STRICT_OBJC_MSGSEND = YES;
				ENABLE_TESTABILITY = YES;
				ENABLE_USER_SCRIPT_SANDBOXING = YES;
				GCC_C_LANGUAGE_STANDARD = gnu17;
				GCC_DYNAMIC_NO_PIC = NO;
				GCC_NO_COMMON_BLOCKS = YES;
				GCC_OPTIMIZATION_LEVEL = 0;
				GCC_PREPROCESSOR_DEFINITIONS = (
					"DEBUG=1",
					"$(inherited)",
				);
				GCC_WARN_64_TO_32_BIT_CONVERSION = YES;
				GCC_WARN_ABOUT_RETURN_TYPE = YES_ERROR;
				GCC_WARN_UNDECLARED_SELECTOR = YES;
				GCC_WARN_UNINITIALIZED_AUTOS = YES_AGGRESSIVE;
				GCC_WARN_UNUSED_FUNCTION = YES;
				GCC_WARN_UNUSED_VARIABLE = YES;
				IPHONEOS_DEPLOYMENT_TARGET = 26.0;
				LOCALIZATION_PREFERS_STRING_CATALOGS = YES;
				MTL_ENABLE_DEBUG_INFO = INCLUDE_SOURCE;
				MTL_FAST_MATH = YES;
				ONLY_ACTIVE_ARCH = YES;
				SDKROOT = iphoneos;
				SWIFT_ACTIVE_COMPILATION_CONDITIONS = "DEBUG $(inherited)";
				SWIFT_OPTIMIZATION_LEVEL = "-Onone";
			};
			name = Debug;
		};
		A932705C2F0F2C18001E3F1F /* Release */ = {
			isa = XCBuildConfiguration;
			buildSettings = {
				ALWAYS_SEARCH_USER_PATHS = NO;
				ASSETCATALOG_COMPILER_GENERATE_SWIFT_ASSET_SYMBOL_EXTENSIONS = YES;
				CLANG_ANALYZER_NONNULL = YES;
				CLANG_ANALYZER_NUMBER_OBJECT_CONVERSION = YES_AGGRESSIVE;
				CLANG_CXX_LANGUAGE_STANDARD = "gnu++20";
				CLANG_ENABLE_MODULES = YES;
				CLANG_ENABLE_OBJC_ARC = YES;
				CLANG_ENABLE_OBJC_WEAK = YES;
				CLANG_WARN_BLOCK_CAPTURE_AUTORELEASING = YES;
				CLANG_WARN_BOOL_CONVERSION = YES;
				CLANG_WARN_COMMA = YES;
				CLANG_WARN_CONSTANT_CONVERSION = YES;
				CLANG_WARN_DEPRECATED_OBJC_IMPLEMENTATIONS = YES;
				CLANG_WARN_DIRECT_OBJC_ISA_USAGE = YES_ERROR;
				CLANG_WARN_DOCUMENTATION_COMMENTS = YES;
				CLANG_WARN_EMPTY_BODY = YES;
				CLANG_WARN_ENUM_CONVERSION = YES;
				CLANG_WARN_INFINITE_RECURSION = YES;
				CLANG_WARN_INT_CONVERSION = YES;
				CLANG_WARN_NON_LITERAL_NULL_CONVERSION = YES;
				CLANG_WARN_OBJC_IMPLICIT_RETAIN_SELF = YES;
				CLANG_WARN_OBJC_LITERAL_CONVERSION = YES;
				CLANG_WARN_OBJC_ROOT_CLASS = YES_ERROR;
				CLANG_WARN_QUOTED_INCLUDE_IN_FRAMEWORK_HEADER = YES;
				CLANG_WARN_RANGE_LOOP_ANALYSIS = YES;
				CLANG_WARN_STRICT_PROTOTYPES = YES;
				CLANG_WARN_SUSPICIOUS_MOVE = YES;
				CLANG_WARN_UNGUARDED_AVAILABILITY = YES_AGGRESSIVE;
				CLANG_WARN_UNREACHABLE_CODE = YES;
				CLANG_WARN__DUPLICATE_METHOD_MATCH = YES;
				COPY_PHASE_STRIP = NO;
				DEBUG_INFORMATION_FORMAT = "dwarf-with-dsym";
				DEVELOPMENT_TEAM = 2UBDP9T662;
				ENABLE_NS_ASSERTIONS = NO;
				ENABLE_STRICT_OBJC_MSGSEND = YES;
				ENABLE_USER_SCRIPT_SANDBOXING = YES;
				GCC_C_LANGUAGE_STANDARD = gnu17;
				GCC_NO_COMMON_BLOCKS = YES;
				GCC_WARN_64_TO_32_BIT_CONVERSION = YES;
				GCC_WARN_ABOUT_RETURN_TYPE = YES_ERROR;
				GCC_WARN_UNDECLARED_SELECTOR = YES;
				GCC_WARN_UNINITIALIZED_AUTOS = YES_AGGRESSIVE;
				GCC_WARN_UNUSED_FUNCTION = YES;
				GCC_WARN_UNUSED_VARIABLE = YES;
				IPHONEOS_DEPLOYMENT_TARGET = 26.0;
				LOCALIZATION_PREFERS_STRING_CATALOGS = YES;
				MTL_ENABLE_DEBUG_INFO = NO;
				MTL_FAST_MATH = YES;
				SDKROOT = iphoneos;
				SWIFT_COMPILATION_MODE = wholemodule;
				VALIDATE_PRODUCT = YES;
			};
			name = Release;
		};
		A932705E2F0F2C18001E3F1F /* Debug */ = {
			isa = XCBuildConfiguration;
			buildSettings = {
				ASSETCATALOG_COMPILER_APPICON_NAME = AppIcon;
				ASSETCATALOG_COMPILER_GLOBAL_ACCENT_COLOR_NAME = AccentColor;
				CODE_SIGN_STYLE = Automatic;
				CURRENT_PROJECT_VERSION = 1;
				DEVELOPMENT_TEAM = 2UBDP9T662;
				ENABLE_PREVIEWS = YES;
				GENERATE_INFOPLIST_FILE = YES;
				INFOPLIST_KEY_UIApplicationSceneManifest_Generation = YES;
				INFOPLIST_KEY_UIApplicationSupportsIndirectInputEvents = YES;
				INFOPLIST_KEY_UILaunchScreen_Generation = YES;
				INFOPLIST_KEY_UISupportedInterfaceOrientations_iPad = "UIInterfaceOrientationPortrait UIInterfaceOrientationPortraitUpsideDown UIInterfaceOrientationLandscapeLeft UIInterfaceOrientationLandscapeRight";
				INFOPLIST_KEY_UISupportedInterfaceOrientations_iPhone = "UIInterfaceOrientationPortrait UIInterfaceOrientationLandscapeLeft UIInterfaceOrientationLandscapeRight";
				LD_RUNPATH_SEARCH_PATHS = (
					"$(inherited)",
					"@executable_path/Frameworks",
				);
				MARKETING_VERSION = 1.0;
				PRODUCT_BUNDLE_IDENTIFIER = "kasnstantsin-klinau.LinkedInPosts";
				PRODUCT_NAME = "$(TARGET_NAME)";
				STRING_CATALOG_GENERATE_SYMBOLS = YES;
				SWIFT_APPROACHABLE_CONCURRENCY = YES;
				SWIFT_DEFAULT_ACTOR_ISOLATION = MainActor;
				SWIFT_EMIT_LOC_STRINGS = YES;
				SWIFT_UPCOMING_FEATURE_MEMBER_IMPORT_VISIBILITY = YES;
				SWIFT_VERSION = 5.0;
				TARGETED_DEVICE_FAMILY = "1,2";
			};
			name = Debug;
		};
		A932705F2F0F2C18001E3F1F /* Release */ = {
			isa = XCBuildConfiguration;
			buildSettings = {
				ASSETCATALOG_COMPILER_APPICON_NAME = AppIcon;
				ASSETCATALOG_COMPILER_GLOBAL_ACCENT_COLOR_NAME = AccentColor;
				CODE_SIGN_STYLE = Automatic;
				CURRENT_PROJECT_VERSION = 1;
				DEVELOPMENT_TEAM = 2UBDP9T662;
				ENABLE_PREVIEWS = YES;
				GENERATE_INFOPLIST_FILE = YES;
				INFOPLIST_KEY_UIApplicationSceneManifest_Generation = YES;
				INFOPLIST_KEY_UIApplicationSupportsIndirectInputEvents = YES;
				INFOPLIST_KEY_UILaunchScreen_Generation = YES;
				INFOPLIST_KEY_UISupportedInterfaceOrientations_iPad = "UIInterfaceOrientationPortrait UIInterfaceOrientationPortraitUpsideDown UIInterfaceOrientationLandscapeLeft UIInterfaceOrientationLandscapeRight";
				INFOPLIST_KEY_UISupportedInterfaceOrientations_iPhone = "UIInterfaceOrientationPortrait UIInterfaceOrientationLandscapeLeft UIInterfaceOrientationLandscapeRight";
				LD_RUNPATH_SEARCH_PATHS = (
					"$(inherited)",
					"@executable_path/Frameworks",
				);
				MARKETING_VERSION = 1.0;
				PRODUCT_BUNDLE_IDENTIFIER = "kasnstantsin-klinau.LinkedInPosts";
				PRODUCT_NAME = "$(TARGET_NAME)";
				STRING_CATALOG_GENERATE_SYMBOLS = YES;
				SWIFT_APPROACHABLE_CONCURRENCY = YES;
				SWIFT_DEFAULT_ACTOR_ISOLATION = MainActor;
				SWIFT_EMIT_LOC_STRINGS = YES;
				SWIFT_UPCOMING_FEATURE_MEMBER_IMPORT_VISIBILITY = YES;
				SWIFT_VERSION = 5.0;
				TARGETED_DEVICE_FAMILY = "1,2";
			};
			name = Release;
		};
/* End XCBuildConfiguration section */

/* Begin XCConfigurationList section */
		A932704D2F0F2C18001E3F1F /* Build configuration list for PBXProject "LinkedInPosts" */ = {
			isa = XCConfigurationList;
			buildConfigurations = (
				A932705B2F0F2C18001E3F1F /* Debug */,
				A932705C2F0F2C18001E3F1F /* Release */,
			);
			defaultConfigurationIsVisible = 0;
			defaultConfigurationName = Release;
		};
		A932705D2F0F2C18001E3F1F /* Build configuration list for PBXNativeTarget "LinkedInPosts" */ = {
			isa = XCConfigurationList;
			buildConfigurations = (
				A932705E2F0F2C18001E3F1F /* Debug */,
				A932705F2F0F2C18001E3F1F /* Release */,
			);
			defaultConfigurationIsVisible = 0;
			defaultConfigurationName = Release;
		};
/* End XCConfigurationList section */
	};
	rootObject = A932704A2F0F2C18001E3F1F /* Project object */;
}
